
Microsoft Visual Studio Solution File, Format Version 12.00
# Visual Studio Version 16
VisualStudioVersion = 16.0.29521.150
MinimumVisualStudioVersion = 10.0.40219.1
Project("{FAE04EC0-301F-11D3-BF4B-00C04F79EFBC}") = "DotNetHole", "DotNetHole\DotNetHole.csproj", "{F94E61C5-B283-48D3-AB2E-C294396673D6}"
EndProject
Global
	GlobalSection(SolutionConfigurationPlatforms) = preSolution
		Debug|Any CPU = Debug|Any CPU
		Release|Any CPU = Release|Any CPU
	EndGlobalSection
	GlobalSection(ProjectConfigurationPlatforms) = postSolution
		{F94E61C5-B283-48D3-AB2E-C294396673D6}.Debug|Any CPU.ActiveCfg = Debug|Any CPU
		{F94E61C5-B283-48D3-AB2E-C294396673D6}.Debug|Any CPU.Build.0 = Debug|Any CPU
		{F94E61C5-B283-48D3-AB2E-C294396673D6}.Release|Any CPU.ActiveCfg = Release|Any CPU
		{F94E61C5-B283-48D3-AB2E-C294396673D6}.Release|Any CPU.Build.0 = Release|Any CPU
	EndGlobalSection
	GlobalSection(SolutionProperties) = preSolution
		HideSolutionNode = FALSE
	EndGlobalSection
	GlobalSection(ExtensibilityGlobals) = postSolution
		SolutionGuid = {4099DD92-ADEB-44AE-81AE-0BFA97C276CA}
	EndGlobalSection
EndGlobal
